Microsoft Visual Studio Solution File, Format Version 12.00
# Visual Studio Version 17
VisualStudioVersion = 17.3.32901.215
MinimumVisualStudioVersion = 10.0.40219.1
Project("{8BC9CEB8-8B4A-11D0-8D11-00A0C91BC942}") = "1. Basics", "1. Basics\basics.vcxproj", "{1B482D44-6893-42E7-ADF6-E497E4FCE916}"
EndProject
Project("{8BC9CEB8-8B4A-11D0-8D11-00A0C91BC942}") = "2. WhittedStyle", "2. WhittedStyle\whitted-style-bvh.vcxproj", "{EEAC7D69-2C45-41E6-94E0-87F2334C5FC0}"
EndProject
Project("{8BC9CEB8-8B4A-11D0-8D11-00A0C91BC942}") = "3. PathTracer", "3. PathTracer\path-tracer.vcxproj", "{5D40E792-C64A-4AF3-8324-7AEEA725E149}"
EndProject
Global
	GlobalSection(SolutionConfigurationPlatforms) = preSolution
		Debug|x64 = Debug|x64
		Debug|x86 = Debug|x86
		Release|x64 = Release|x64
		Release|x86 = Release|x86
	EndGlobalSection
	GlobalSection(ProjectConfigurationPlatforms) = postSolution
		{1B482D44-6893-42E7-ADF6-E497E4FCE916}.Debug|x64.ActiveCfg = Debug|x64
		{1B482D44-6893-42E7-ADF6-E497E4FCE916}.Debug|x64.Build.0 = Debug|x64
		{1B482D44-6893-42E7-ADF6-E497E4FCE916}.Debug|x86.ActiveCfg = Debug|x64
		{1B482D44-6893-42E7-ADF6-E497E4FCE916}.Debug|x86.Build.0 = Debug|x64
		{1B482D44-6893-42E7-ADF6-E497E4FCE916}.Release|x64.ActiveCfg = Release|x64
		{1B482D44-6893-42E7-ADF6-E497E4FCE916}.Release|x64.Build.0 = Release|x64
		{1B482D44-6893-42E7-ADF6-E497E4FCE916}.Release|x86.ActiveCfg = Release|x64
		{1B482D44-6893-42E7-ADF6-E497E4FCE916}.Release|x86.Build.0 = Release|x64
		{EEAC7D69-2C45-41E6-94E0-87F2334C5FC0}.Debug|x64.ActiveCfg = Debug|x64
		{EEAC7D69-2C45-41E6-94E0-87F2334C5FC0}.Debug|x64.Build.0 = Debug|x64
		{EEAC7D69-2C45-41E6-94E0-87F2334C5FC0}.Debug|x86.ActiveCfg = Debug|x64
		{EEAC7D69-2C45-41E6-94E0-87F2334C5FC0}.Debug|x86.Build.0 = Debug|x64
		{EEAC7D69-2C45-41E6-94E0-87F2334C5FC0}.Release|x64.ActiveCfg = Release|x64
		{EEAC7D69-2C45-41E6-94E0-87F2334C5FC0}.Release|x64.Build.0 = Release|x64
		{EEAC7D69-2C45-41E6-94E0-87F2334C5FC0}.Release|x86.ActiveCfg = Release|x64
		{EEAC7D69-2C45-41E6-94E0-87F2334C5FC0}.Release|x86.Build.0 = Release|x64
		{5D40E792-C64A-4AF3-8324-7AEEA725E149}.Debug|x64.ActiveCfg = Debug|x64
		{5D40E792-C64A-4AF3-8324-7AEEA725E149}.Debug|x64.Build.0 = Debug|x64
		{5D40E792-C64A-4AF3-8324-7AEEA725E149}.Debug|x86.ActiveCfg = Debug|x64
		{5D40E792-C64A-4AF3-8324-7AEEA725E149}.Debug|x86.Build.0 = Debug|x64
		{5D40E792-C64A-4AF3-8324-7AEEA725E149}.Release|x64.ActiveCfg = Release|x64
		{5D40E792-C64A-4AF3-8324-7AEEA725E149}.Release|x64.Build.0 = Release|x64
		{5D40E792-C64A-4AF3-8324-7AEEA725E149}.Release|x86.ActiveCfg = Release|x64
		{5D40E792-C64A-4AF3-8324-7AEEA725E149}.Release|x86.Build.0 = Release|x64
	EndGlobalSection
	GlobalSection(SolutionProperties) = preSolution
		HideSolutionNode = FALSE
	EndGlobalSection
	GlobalSection(ExtensibilityGlobals) = postSolution
		SolutionGuid = {3527574C-6732-4C93-958B-A83270BFC935}
	EndGlobalSection
EndGlobal
